<?xml version="1.0" encoding="utf-8"?>
<Project ToolsVersion="4.0" xmlns="http://schemas.microsoft.com/developer/msbuild/2003">
  <ItemGroup>
    <Filter Include="Source Files">
      <UniqueIdentifier>{4FC737F1-C7A5-4376-A066-2A32D752A2FF}</UniqueIdentifier>
      <Extensions>cpp;c;cc;cxx;c++;cppm;ixx;def;odl;idl;hpj;bat;asm;asmx</Extensions>
    </Filter>
    <Filter Include="Header Files">
      <UniqueIdentifier>{93995380-89BD-4b04-88EB-625FBE52EBFB}</UniqueIdentifier>
      <Extensions>h;hh;hpp;hxx;h++;hm;inl;inc;ipp;xsd</Extensions>
    </Filter>
    <Filter Include="Resource Files">
      <UniqueIdentifier>{67DA6AB6-F800-4c08-8B7A-83BB121AAD01}</UniqueIdentifier>
      <Extensions>rc;ico;cur;bmp;dlg;rc2;rct;bin;rgs;gif;jpg;jpeg;jpe;resx;tiff;tif;png;wav;mfcribbon-ms</Extensions>
    </Filter>
  </ItemGroup>
  <ItemGroup>
    <ClInclude Include="BatteryHelth.h">
      <Filter>Header Files</Filter>
    </ClInclude>
    <ClInclude Include="BatteryHelthDlg.h">
      <Filter>Header Files</Filter>
    </ClInclude>
    <ClInclude Include="framework.h">
      <Filter>Header Files</Filter>
    </ClInclude>
    <ClInclude Include="targetver.h">
      <Filter>Header Files</Filter>
    </ClInclude>
    <ClInclude Include="Resource.h">
      <Filter>Header Files</Filter>
    </ClInclude>
    <ClInclude Include="pch.h">
      <Filter>Header Files</Filter>
    </ClInclude>
    <ClInclude Include="CTrendDlg.h">
      <Filter>Header Files</Filter>
    </ClInclude>
    <ClInclude Include="StandByDlg.h">
      <Filter>Header Files</Filter>
    </ClInclude>
    <ClInclude Include="CPerfDlg.h">
      <Filter>Header Files</Filter>
    </ClInclude>
    <ClInclude Include="CDischargeDlg.h">
      <Filter>Header Files</Filter>
    </ClInclude>
    <ClInclude Include="CPredictionDlg.h">
      <Filter>Header Files</Filter>
    </ClInclude>
    <ClInclude Include="CManipulationDlg.h">
      <Filter>Header Files</Filter>
    </ClInclude>
    <ClInclude Include="CRateInfoDlg.h">
      <Filter>Header Files</Filter>
    </ClInclude>
    <ClInclude Include="CSleepDataDlg.h">
      <Filter>Header Files</Filter>
    </ClInclude>
  </ItemGroup>
  <ItemGroup>
    <ClCompile Include="BatteryHelth.cpp">
      <Filter>Source Files</Filter>
    </ClCompile>
    <ClCompile Include="BatteryHelthDlg.cpp">
      <Filter>Source Files</Filter>
    </ClCompile>
    <ClCompile Include="pch.cpp">
      <Filter>Source Files</Filter>
    </ClCompile>
    <ClCompile Include="CTrendDlg.cpp">
      <Filter>Source Files</Filter>
    </ClCompile>
    <ClCompile Include="StandByDlg.cpp">
      <Filter>Source Files</Filter>
    </ClCompile>
    <ClCompile Include="CPerfDlg.cpp">
      <Filter>Source Files</Filter>
    </ClCompile>
    <ClCompile Include="CDischargeDlg.cpp">
      <Filter>Source Files</Filter>
    </ClCompile>
    <ClCompile Include="CPredictionDlg.cpp">
      <Filter>Source Files</Filter>
    </ClCompile>
    <ClCompile Include="CManipulationDlg.cpp">
      <Filter>Source Files</Filter>
    </ClCompile>
    <ClCompile Include="CRateInfoDlg.cpp">
      <Filter>Source Files</Filter>
    </ClCompile>
    <ClCompile Include="CSleepDataDlg.cpp">
      <Filter>Source Files</Filter>
    </ClCompile>
  </ItemGroup>
  <ItemGroup>
    <ResourceCompile Include="BatteryHelth.rc">
      <Filter>Resource Files</Filter>
    </ResourceCompile>
  </ItemGroup>
  <ItemGroup>
    <None Include="res\BatteryHelth.rc2">
      <Filter>Resource Files</Filter>
    </None>
  </ItemGroup>
  <ItemGroup>
    <Image Include="res\BatteryHelth.ico">
      <Filter>Resource Files</Filter>
    </Image>
    <Image Include="..\..\..\Desktop\bicon.png">
      <Filter>Resource Files</Filter>
    </Image>
    <Image Include="..\..\..\Desktop\pngtree-battery-icon-in-full-blue-color-png-image_15802127.png">
      <Filter>Resource Files</Filter>
    </Image>
    <Image Include="res\icon1.ico">
      <Filter>Resource Files</Filter>
    </Image>
    <Image Include="..\..\..\Desktop\bg_img.png">
      <Filter>Resource Files</Filter>
    </Image>
    <Image Include="..\..\..\Desktop\pix.png">
      <Filter>Resource Files</Filter>
    </Image>
    <Image Include="..\..\..\Desktop\cpuload1.png">
      <Filter>Resource Files</Filter>
    </Image>
    <Image Include="..\..\..\Desktop\discharge1.png">
      <Filter>Resource Files</Filter>
    </Image>
    <Image Include="..\..\..\OneDrive\Desktop\cpuload1.png">
      <Filter>Resource Files</Filter>
    </Image>
    <Image Include="..\..\..\OneDrive\Desktop\discharge1.png">
      <Filter>Resource Files</Filter>
    </Image>
    <Image Include="..\..\..\OneDrive\Desktop\BatterHistory.png">
      <Filter>Resource Files</Filter>
    </Image>
    <Image Include="..\..\..\OneDrive\Desktop\ExportCsv.png">
      <Filter>Resource Files</Filter>
    </Image>
    <Image Include="..\..\..\OneDrive\Desktop\caphis.png">
      <Filter>Resource Files</Filter>
    </Image>
    <Image Include="..\..\..\OneDrive\Desktop\bg_img.png">
      <Filter>Resource Files</Filter>
    </Image>
    <Image Include="..\..\..\OneDrive\Desktop\prediction.png">
      <Filter>Resource Files</Filter>
    </Image>
    <Image Include="..\..\..\OneDrive\Desktop\active.png">
      <Filter>Resource Files</Filter>
    </Image>
    <Image Include="..\..\..\OneDrive\Desktop\stand by.png">
      <Filter>Resource Files</Filter>
    </Image>
    <Image Include="..\..\..\OneDrive\Desktop\standby.png">
      <Filter>Resource Files</Filter>
    </Image>
    <Image Include="..\..\..\OneDrive\Desktop\standing-up-man-icon-png.png">
      <Filter>Resource Files</Filter>
    </Image>
    <Image Include="..\..\..\OneDrive\Desktop\usageHistory.png">
      <Filter>Resource Files</Filter>
    </Image>
    <Image Include="..\..\..\OneDrive\Desktop\Manipulation.png">
      <Filter>Resource Files</Filter>
    </Image>
    <Image Include="..\..\..\OneDrive\Desktop\rate2.png">
      <Filter>Resource Files</Filter>
    </Image>
    <Image Include="..\..\..\OneDrive\Desktop\energy-saving.png">
      <Filter>Resource Files</Filter>
    </Image>
    <Image Include="..\..\..\OneDrive\Desktop\es.png">
      <Filter>Resource Files</Filter>
    </Image>
    <Image Include="..\..\..\OneDrive\Desktop\cdr.png">
      <Filter>Resource Files</Filter>
    </Image>
    <Image Include="..\..\..\OneDrive\Desktop\sleep.png">
      <Filter>Resource Files</Filter>
    </Image>
    <Image Include="..\..\..\OneDrive\Desktop\batteryHealthIcon.ico">
      <Filter>Resource Files</Filter>
    </Image>
    <Image Include="..\..\..\OneDrive\Desktop\all_logo\batteryHealthIcon.ico">
      <Filter>Resource Files</Filter>
    </Image>
    <Image Include="..\..\..\OneDrive\Desktop\all_logo\cpuload1.png">
      <Filter>Resource Files</Filter>
    </Image>
    <Image Include="..\..\..\OneDrive\Desktop\all_logo\discharge1.png">
      <Filter>Resource Files</Filter>
    </Image>
    <Image Include="..\..\..\OneDrive\Desktop\all_logo\BatterHistory.png">
      <Filter>Resource Files</Filter>
    </Image>
    <Image Include="..\..\..\OneDrive\Desktop\all_logo\ExportCsv.png">
      <Filter>Resource Files</Filter>
    </Image>
    <Image Include="..\..\..\OneDrive\Desktop\all_logo\caphis.png">
      <Filter>Resource Files</Filter>
    </Image>
    <Image Include="..\..\..\OneDrive\Desktop\all_logo\prediction.png">
      <Filter>Resource Files</Filter>
    </Image>
    <Image Include="..\..\..\OneDrive\Desktop\all_logo\active.png">
      <Filter>Resource Files</Filter>
    </Image>
    <Image Include="..\..\..\OneDrive\Desktop\all_logo\standing-up-man-icon-png.png">
      <Filter>Resource Files</Filter>
    </Image>
    <Image Include="..\..\..\OneDrive\Desktop\all_logo\usageHistory.png">
      <Filter>Resource Files</Filter>
    </Image>
    <Image Include="..\..\..\OneDrive\Desktop\all_logo\Manipulation.png">
      <Filter>Resource Files</Filter>
    </Image>
    <Image Include="..\..\..\OneDrive\Desktop\all_logo\cdr.png">
      <Filter>Resource Files</Filter>
    </Image>
    <Image Include="..\..\..\OneDrive\Desktop\all_logo\es.png">
      <Filter>Resource Files</Filter>
    </Image>
    <Image Include="..\..\..\OneDrive\Desktop\all_logo\sleep.png">
      <Filter>Resource Files</Filter>
    </Image>
  </ItemGroup>
</Project>